
Microsoft Visual Studio Solution File, Format Version 12.00
# Visual Studio Version 17
VisualStudioVersion = 17.6.33815.320
MinimumVisualStudioVersion = 10.0.40219.1
Project("{FAE04EC0-301F-11D3-BF4B-00C04F79EFBC}") = "prac s ergis", "prac s ergis\prac s ergis.csproj", "{47DE3E70-1DFA-4FC8-A67D-69371FE07C94}"
EndProject
Global
	GlobalSection(SolutionConfigurationPlatforms) = preSolution
		Debug|Any CPU = Debug|Any CPU
		Release|Any CPU = Release|Any CPU
	EndGlobalSection
	GlobalSection(ProjectConfigurationPlatforms) = postSolution
		{47DE3E70-1DFA-4FC8-A67D-69371FE07C94}.Debug|Any CPU.ActiveCfg = Debug|Any CPU
		{47DE3E70-1DFA-4FC8-A67D-69371FE07C94}.Debug|Any CPU.Build.0 = Debug|Any CPU
		{47DE3E70-1DFA-4FC8-A67D-69371FE07C94}.Release|Any CPU.ActiveCfg = Release|Any CPU
		{47DE3E70-1DFA-4FC8-A67D-69371FE07C94}.Release|Any CPU.Build.0 = Release|Any CPU
	EndGlobalSection
	GlobalSection(SolutionProperties) = preSolution
		HideSolutionNode = FALSE
	EndGlobalSection
	GlobalSection(ExtensibilityGlobals) = postSolution
		SolutionGuid = {89BA2DED-681D-4215-AFD4-957E730E199C}
	EndGlobalSection
EndGlobal
